Microsoft Visual Studio Solution File, Format Version 8.00
Project("{8BC9CEB8-8B4A-11D0-8D11-00A0C91BC942}") = "bignum", "bignum.vcproj", "{425E035A-824B-4E52-9FB0-64A64B84532A}"
	ProjectSection(ProjectDependencies) = postProject
	EndProjectSection
EndProject
Global
	GlobalSection(SolutionConfiguration) = preSolution
		Debug = Debug
		Release = Release
	EndGlobalSection
	GlobalSection(ProjectConfiguration) = postSolution
		{425E035A-824B-4E52-9FB0-64A64B84532A}.Debug.ActiveCfg = Debug|Win32
		{425E035A-824B-4E52-9FB0-64A64B84532A}.Debug.Build.0 = Debug|Win32
		{425E035A-824B-4E52-9FB0-64A64B84532A}.Release.ActiveCfg = Release|Win32
		{425E035A-824B-4E52-9FB0-64A64B84532A}.Release.Build.0 = Release|Win32
	EndGlobalSection
	GlobalSection(ExtensibilityGlobals) = postSolution
	EndGlobalSection
	GlobalSection(ExtensibilityAddIns) = postSolution
	EndGlobalSection
EndGlobal
